
Microsoft Visual Studio Solution File, Format Version 12.00
# Visual Studio Version 16
VisualStudioVersion = 16.0.29709.97
MinimumVisualStudioVersion = 10.0.40219.1
Project("{FAE04EC0-301F-11D3-BF4B-00C04F79EFBC}") = "SalesWebMVC", "SalesWebMVC\SalesWebMVC.csproj", "{D188D2AD-4E59-4AB4-8022-07A173DEA472}"
EndProject
Global
	GlobalSection(SolutionConfigurationPlatforms) = preSolution
		Debug|Any CPU = Debug|Any CPU
		Release|Any CPU = Release|Any CPU
	EndGlobalSection
	GlobalSection(ProjectConfigurationPlatforms) = postSolution
		{D188D2AD-4E59-4AB4-8022-07A173DEA472}.Debug|Any CPU.ActiveCfg = Debug|Any CPU
		{D188D2AD-4E59-4AB4-8022-07A173DEA472}.Debug|Any CPU.Build.0 = Debug|Any CPU
		{D188D2AD-4E59-4AB4-8022-07A173DEA472}.Release|Any CPU.ActiveCfg = Release|Any CPU
		{D188D2AD-4E59-4AB4-8022-07A173DEA472}.Release|Any CPU.Build.0 = Release|Any CPU
	EndGlobalSection
	GlobalSection(SolutionProperties) = preSolution
		HideSolutionNode = FALSE
	EndGlobalSection
	GlobalSection(ExtensibilityGlobals) = postSolution
		SolutionGuid = {1D8971D5-E0D7-4624-8EDC-9CB56608E210}
	EndGlobalSection
EndGlobal
